
Microsoft Visual Studio Solution File, Format Version 12.00
# Visual Studio Version 17
VisualStudioVersion = 17.14.36408.4 d17.14
MinimumVisualStudioVersion = 10.0.40219.1
Project("{FAE04EC0-301F-11D3-BF4B-00C04F79EFBC}") = "MyModestAgricultureAdjustments", "MyModestAgricultureAdjustments\MyModestAgricultureAdjustments.csproj", "{C7DEE392-FE01-4FF6-99B5-C07BA8F0AB6F}"
EndProject
Project("{FAE04EC0-301F-11D3-BF4B-00C04F79EFBC}") = "CakeBuild", "ZZCakeBuild\CakeBuild.csproj", "{ED218C95-64D4-48DD-862E-708CB4107B3C}"
EndProject
Global
	GlobalSection(SolutionConfigurationPlatforms) = preSolution
		Debug|Any CPU = Debug|Any CPU
		Release|Any CPU = Release|Any CPU
	EndGlobalSection
	GlobalSection(ProjectConfigurationPlatforms) = postSolution
		{C7DEE392-FE01-4FF6-99B5-C07BA8F0AB6F}.Debug|Any CPU.ActiveCfg = Debug|Any CPU
		{C7DEE392-FE01-4FF6-99B5-C07BA8F0AB6F}.Debug|Any CPU.Build.0 = Debug|Any CPU
		{C7DEE392-FE01-4FF6-99B5-C07BA8F0AB6F}.Release|Any CPU.ActiveCfg = Release|Any CPU
		{C7DEE392-FE01-4FF6-99B5-C07BA8F0AB6F}.Release|Any CPU.Build.0 = Release|Any CPU
		{ED218C95-64D4-48DD-862E-708CB4107B3C}.Debug|Any CPU.ActiveCfg = Debug|Any CPU
		{ED218C95-64D4-48DD-862E-708CB4107B3C}.Debug|Any CPU.Build.0 = Debug|Any CPU
		{ED218C95-64D4-48DD-862E-708CB4107B3C}.Release|Any CPU.ActiveCfg = Release|Any CPU
		{ED218C95-64D4-48DD-862E-708CB4107B3C}.Release|Any CPU.Build.0 = Release|Any CPU
	EndGlobalSection
	GlobalSection(SolutionProperties) = preSolution
		HideSolutionNode = FALSE
	EndGlobalSection
	GlobalSection(ExtensibilityGlobals) = postSolution
		SolutionGuid = {3A4D22A2-218D-48BE-A522-E4C853637BB2}
	EndGlobalSection
EndGlobal
